# This file is generated by running "yarn install" inside your project.
# Manual changes might be lost - proceed with caution!

__metadata:
  version: 8
  cacheKey: 10c0

"@temp/runme@workspace:*, @temp/runme@workspace:runme":
  version: 0.0.0-use.local
  resolution: "@temp/runme@workspace:runme"
  bin:
    runme: index.js
  languageName: unknown
  linkType: soft

"@temp/temp-project@workspace:.":
  version: 0.0.0-use.local
  resolution: "@temp/temp-project@workspace:."
  dependencies:
    "@temp/runme": "workspace:*"
  bin:
    temp: ./temp.js
  languageName: unknown
  linkType: soft
